
Microsoft Visual Studio Solution File, Format Version 12.00
# Visual Studio 2013
VisualStudioVersion = 12.0.40629.0
MinimumVisualStudioVersion = 10.0.40219.1
Project("{2150E333-8FDC-42A3-9474-1A3956D46DE8}") = "1 - App", "1 - App", "{28E0E603-21BC-41D3-8298-681785E8D135}"
EndProject
Project("{2150E333-8FDC-42A3-9474-1A3956D46DE8}") = "3 - Aplicacao", "3 - Aplicacao", "{B3E575FA-6792-4DE7-AF16-6700CC967E4B}"
EndProject
Project("{2150E333-8FDC-42A3-9474-1A3956D46DE8}") = "4 - Infraestrutura", "4 - Infraestrutura", "{D2D5C27C-C0E7-4D92-9AC3-9769ADA171E5}"
EndProject
Project("{2150E333-8FDC-42A3-9474-1A3956D46DE8}") = "2 - WebApi", "2 - WebApi", "{DD042312-E320-4A04-BE01-A05A972AC24A}"
EndProject
Project("{FAE04EC0-301F-11D3-BF4B-00C04F79EFBC}") = "AdoteUmCao.WebApi", "AdoteUmCao.WebApi\AdoteUmCao.WebApi.csproj", "{D9724E1D-DA70-42A8-B53D-523562C501D0}"
EndProject
Project("{FAE04EC0-301F-11D3-BF4B-00C04F79EFBC}") = "AdoteUmCao.Aplicacao", "AdoteUmCao.Aplicacao\AdoteUmCao.Aplicacao.csproj", "{6905F59A-5452-4C20-BB25-5B3E89234E1C}"
EndProject
Project("{FAE04EC0-301F-11D3-BF4B-00C04F79EFBC}") = "AdoteUmCao.Infraestrutura", "AdoteUmCao.Infraestrutura\AdoteUmCao.Infraestrutura.csproj", "{F2ABB91B-899B-4FE4-BC22-A58A4F88B1A2}"
EndProject
Project("{2150E333-8FDC-42A3-9474-1A3956D46DE8}") = "Solution Items", "Solution Items", "{016FE8D8-6B43-4F01-A7AF-8BF31EEB66BC}"
	ProjectSection(SolutionItems) = preProject
		README.rd = README.rd
	EndProjectSection
EndProject
Project("{262852C6-CD72-467D-83FE-5EEB1973A190}") = "AdoteUmAnimal.App", "AdoteUmAnimal.App\AdoteUmAnimal.App.jsproj", "{CFDAC9FF-4B91-49A8-8AF3-3408EAEE4B1E}"
EndProject
Global
	GlobalSection(SolutionConfigurationPlatforms) = preSolution
		Debug|Android = Debug|Android
		Debug|Any CPU = Debug|Any CPU
		Debug|iOS = Debug|iOS
		Debug|Mixed Platforms = Debug|Mixed Platforms
		Debug|Windows Phone (Universal) = Debug|Windows Phone (Universal)
		Debug|Windows Phone 8 = Debug|Windows Phone 8
		Debug|Windows-AnyCPU = Debug|Windows-AnyCPU
		Debug|Windows-ARM = Debug|Windows-ARM
		Debug|Windows-x64 = Debug|Windows-x64
		Debug|Windows-x86 = Debug|Windows-x86
		Distribution|Android = Distribution|Android
		Distribution|Any CPU = Distribution|Any CPU
		Distribution|iOS = Distribution|iOS
		Distribution|Mixed Platforms = Distribution|Mixed Platforms
		Distribution|Windows Phone (Universal) = Distribution|Windows Phone (Universal)
		Distribution|Windows Phone 8 = Distribution|Windows Phone 8
		Distribution|Windows-AnyCPU = Distribution|Windows-AnyCPU
		Distribution|Windows-ARM = Distribution|Windows-ARM
		Distribution|Windows-x64 = Distribution|Windows-x64
		Distribution|Windows-x86 = Distribution|Windows-x86
		Release|Android = Release|Android
		Release|Any CPU = Release|Any CPU
		Release|iOS = Release|iOS
		Release|Mixed Platforms = Release|Mixed Platforms
		Release|Windows Phone (Universal) = Release|Windows Phone (Universal)
		Release|Windows Phone 8 = Release|Windows Phone 8
		Release|Windows-AnyCPU = Release|Windows-AnyCPU
		Release|Windows-ARM = Release|Windows-ARM
		Release|Windows-x64 = Release|Windows-x64
		Release|Windows-x86 = Release|Windows-x86
	EndGlobalSection
	GlobalSection(ProjectConfigurationPlatforms) = postSolution
		{D9724E1D-DA70-42A8-B53D-523562C501D0}.Debug|Android.ActiveCfg = Debug|Any CPU
		{D9724E1D-DA70-42A8-B53D-523562C501D0}.Debug|Any CPU.ActiveCfg = Debug|Any CPU
		{D9724E1D-DA70-42A8-B53D-523562C501D0}.Debug|Any CPU.Build.0 = Debug|Any CPU
		{D9724E1D-DA70-42A8-B53D-523562C501D0}.Debug|iOS.ActiveCfg = Debug|Any CPU
		{D9724E1D-DA70-42A8-B53D-523562C501D0}.Debug|Mixed Platforms.ActiveCfg = Debug|Any CPU
		{D9724E1D-DA70-42A8-B53D-523562C501D0}.Debug|Mixed Platforms.Build.0 = Debug|Any CPU
		{D9724E1D-DA70-42A8-B53D-523562C501D0}.Debug|Windows Phone (Universal).ActiveCfg = Debug|Any CPU
		{D9724E1D-DA70-42A8-B53D-523562C501D0}.Debug|Windows Phone 8.ActiveCfg = Debug|Any CPU
		{D9724E1D-DA70-42A8-B53D-523562C501D0}.Debug|Windows-AnyCPU.ActiveCfg = Debug|Any CPU
		{D9724E1D-DA70-42A8-B53D-523562C501D0}.Debug|Windows-ARM.ActiveCfg = Debug|Any CPU
		{D9724E1D-DA70-42A8-B53D-523562C501D0}.Debug|Windows-x64.ActiveCfg = Debug|Any CPU
		{D9724E1D-DA70-42A8-B53D-523562C501D0}.Debug|Windows-x86.ActiveCfg = Debug|Any CPU
		{D9724E1D-DA70-42A8-B53D-523562C501D0}.Distribution|Android.ActiveCfg = Debug|Any CPU
		{D9724E1D-DA70-42A8-B53D-523562C501D0}.Distribution|Any CPU.ActiveCfg = Debug|Any CPU
		{D9724E1D-DA70-42A8-B53D-523562C501D0}.Distribution|Any CPU.Build.0 = Debug|Any CPU
		{D9724E1D-DA70-42A8-B53D-523562C501D0}.Distribution|iOS.ActiveCfg = Debug|Any CPU
		{D9724E1D-DA70-42A8-B53D-523562C501D0}.Distribution|Mixed Platforms.ActiveCfg = Debug|Any CPU
		{D9724E1D-DA70-42A8-B53D-523562C501D0}.Distribution|Mixed Platforms.Build.0 = Debug|Any CPU
		{D9724E1D-DA70-42A8-B53D-523562C501D0}.Distribution|Windows Phone (Universal).ActiveCfg = Debug|Any CPU
		{D9724E1D-DA70-42A8-B53D-523562C501D0}.Distribution|Windows Phone 8.ActiveCfg = Debug|Any CPU
		{D9724E1D-DA70-42A8-B53D-523562C501D0}.Distribution|Windows-AnyCPU.ActiveCfg = Debug|Any CPU
		{D9724E1D-DA70-42A8-B53D-523562C501D0}.Distribution|Windows-ARM.ActiveCfg = Debug|Any CPU
		{D9724E1D-DA70-42A8-B53D-523562C501D0}.Distribution|Windows-x64.ActiveCfg = Debug|Any CPU
		{D9724E1D-DA70-42A8-B53D-523562C501D0}.Distribution|Windows-x86.ActiveCfg = Debug|Any CPU
		{D9724E1D-DA70-42A8-B53D-523562C501D0}.Release|Android.ActiveCfg = Release|Any CPU
		{D9724E1D-DA70-42A8-B53D-523562C501D0}.Release|Any CPU.ActiveCfg = Release|Any CPU
		{D9724E1D-DA70-42A8-B53D-523562C501D0}.Release|Any CPU.Build.0 = Release|Any CPU
		{D9724E1D-DA70-42A8-B53D-523562C501D0}.Release|iOS.ActiveCfg = Release|Any CPU
		{D9724E1D-DA70-42A8-B53D-523562C501D0}.Release|Mixed Platforms.ActiveCfg = Release|Any CPU
		{D9724E1D-DA70-42A8-B53D-523562C501D0}.Release|Mixed Platforms.Build.0 = Release|Any CPU
		{D9724E1D-DA70-42A8-B53D-523562C501D0}.Release|Windows Phone (Universal).ActiveCfg = Release|Any CPU
		{D9724E1D-DA70-42A8-B53D-523562C501D0}.Release|Windows Phone 8.ActiveCfg = Release|Any CPU
		{D9724E1D-DA70-42A8-B53D-523562C501D0}.Release|Windows-AnyCPU.ActiveCfg = Release|Any CPU
		{D9724E1D-DA70-42A8-B53D-523562C501D0}.Release|Windows-ARM.ActiveCfg = Release|Any CPU
		{D9724E1D-DA70-42A8-B53D-523562C501D0}.Release|Windows-x64.ActiveCfg = Release|Any CPU
		{D9724E1D-DA70-42A8-B53D-523562C501D0}.Release|Windows-x86.ActiveCfg = Release|Any CPU
		{6905F59A-5452-4C20-BB25-5B3E89234E1C}.Debug|Android.ActiveCfg = Debug|Any CPU
		{6905F59A-5452-4C20-BB25-5B3E89234E1C}.Debug|Any CPU.ActiveCfg = Debug|Any CPU
		{6905F59A-5452-4C20-BB25-5B3E89234E1C}.Debug|Any CPU.Build.0 = Debug|Any CPU
		{6905F59A-5452-4C20-BB25-5B3E89234E1C}.Debug|iOS.ActiveCfg = Debug|Any CPU
		{6905F59A-5452-4C20-BB25-5B3E89234E1C}.Debug|Mixed Platforms.ActiveCfg = Debug|Any CPU
		{6905F59A-5452-4C20-BB25-5B3E89234E1C}.Debug|Mixed Platforms.Build.0 = Debug|Any CPU
		{6905F59A-5452-4C20-BB25-5B3E89234E1C}.Debug|Windows Phone (Universal).ActiveCfg = Debug|Any CPU
		{6905F59A-5452-4C20-BB25-5B3E89234E1C}.Debug|Windows Phone 8.ActiveCfg = Debug|Any CPU
		{6905F59A-5452-4C20-BB25-5B3E89234E1C}.Debug|Windows-AnyCPU.ActiveCfg = Debug|Any CPU
		{6905F59A-5452-4C20-BB25-5B3E89234E1C}.Debug|Windows-ARM.ActiveCfg = Debug|Any CPU
		{6905F59A-5452-4C20-BB25-5B3E89234E1C}.Debug|Windows-x64.ActiveCfg = Debug|Any CPU
		{6905F59A-5452-4C20-BB25-5B3E89234E1C}.Debug|Windows-x86.ActiveCfg = Debug|Any CPU
		{6905F59A-5452-4C20-BB25-5B3E89234E1C}.Distribution|Android.ActiveCfg = Debug|Any CPU
		{6905F59A-5452-4C20-BB25-5B3E89234E1C}.Distribution|Any CPU.ActiveCfg = Debug|Any CPU
		{6905F59A-5452-4C20-BB25-5B3E89234E1C}.Distribution|Any CPU.Build.0 = Debug|Any CPU
		{6905F59A-5452-4C20-BB25-5B3E89234E1C}.Distribution|iOS.ActiveCfg = Debug|Any CPU
		{6905F59A-5452-4C20-BB25-5B3E89234E1C}.Distribution|Mixed Platforms.ActiveCfg = Debug|Any CPU
		{6905F59A-5452-4C20-BB25-5B3E89234E1C}.Distribution|Mixed Platforms.Build.0 = Debug|Any CPU
		{6905F59A-5452-4C20-BB25-5B3E89234E1C}.Distribution|Windows Phone (Universal).ActiveCfg = Debug|Any CPU
		{6905F59A-5452-4C20-BB25-5B3E89234E1C}.Distribution|Windows Phone 8.ActiveCfg = Debug|Any CPU
		{6905F59A-5452-4C20-BB25-5B3E89234E1C}.Distribution|Windows-AnyCPU.ActiveCfg = Debug|Any CPU
		{6905F59A-5452-4C20-BB25-5B3E89234E1C}.Distribution|Windows-ARM.ActiveCfg = Debug|Any CPU
		{6905F59A-5452-4C20-BB25-5B3E89234E1C}.Distribution|Windows-x64.ActiveCfg = Debug|Any CPU
		{6905F59A-5452-4C20-BB25-5B3E89234E1C}.Distribution|Windows-x86.ActiveCfg = Debug|Any CPU
		{6905F59A-5452-4C20-BB25-5B3E89234E1C}.Release|Android.ActiveCfg = Release|Any CPU
		{6905F59A-5452-4C20-BB25-5B3E89234E1C}.Release|Any CPU.ActiveCfg = Release|Any CPU
		{6905F59A-5452-4C20-BB25-5B3E89234E1C}.Release|Any CPU.Build.0 = Release|Any CPU
		{6905F59A-5452-4C20-BB25-5B3E89234E1C}.Release|iOS.ActiveCfg = Release|Any CPU
		{6905F59A-5452-4C20-BB25-5B3E89234E1C}.Release|Mixed Platforms.ActiveCfg = Release|Any CPU
		{6905F59A-5452-4C20-BB25-5B3E89234E1C}.Release|Mixed Platforms.Build.0 = Release|Any CPU
		{6905F59A-5452-4C20-BB25-5B3E89234E1C}.Release|Windows Phone (Universal).ActiveCfg = Release|Any CPU
		{6905F59A-5452-4C20-BB25-5B3E89234E1C}.Release|Windows Phone 8.ActiveCfg = Release|Any CPU
		{6905F59A-5452-4C20-BB25-5B3E89234E1C}.Release|Windows-AnyCPU.ActiveCfg = Release|Any CPU
		{6905F59A-5452-4C20-BB25-5B3E89234E1C}.Release|Windows-ARM.ActiveCfg = Release|Any CPU
		{6905F59A-5452-4C20-BB25-5B3E89234E1C}.Release|Windows-x64.ActiveCfg = Release|Any CPU
		{6905F59A-5452-4C20-BB25-5B3E89234E1C}.Release|Windows-x86.ActiveCfg = Release|Any CPU
		{F2ABB91B-899B-4FE4-BC22-A58A4F88B1A2}.Debug|Android.ActiveCfg = Debug|Any CPU
		{F2ABB91B-899B-4FE4-BC22-A58A4F88B1A2}.Debug|Any CPU.ActiveCfg = Debug|Any CPU
		{F2ABB91B-899B-4FE4-BC22-A58A4F88B1A2}.Debug|Any CPU.Build.0 = Debug|Any CPU
		{F2ABB91B-899B-4FE4-BC22-A58A4F88B1A2}.Debug|iOS.ActiveCfg = Debug|Any CPU
		{F2ABB91B-899B-4FE4-BC22-A58A4F88B1A2}.Debug|Mixed Platforms.ActiveCfg = Debug|Any CPU
		{F2ABB91B-899B-4FE4-BC22-A58A4F88B1A2}.Debug|Mixed Platforms.Build.0 = Debug|Any CPU
		{F2ABB91B-899B-4FE4-BC22-A58A4F88B1A2}.Debug|Windows Phone (Universal).ActiveCfg = Debug|Any CPU
		{F2ABB91B-899B-4FE4-BC22-A58A4F88B1A2}.Debug|Windows Phone 8.ActiveCfg = Debug|Any CPU
		{F2ABB91B-899B-4FE4-BC22-A58A4F88B1A2}.Debug|Windows-AnyCPU.ActiveCfg = Debug|Any CPU
		{F2ABB91B-899B-4FE4-BC22-A58A4F88B1A2}.Debug|Windows-ARM.ActiveCfg = Debug|Any CPU
		{F2ABB91B-899B-4FE4-BC22-A58A4F88B1A2}.Debug|Windows-x64.ActiveCfg = Debug|Any CPU
		{F2ABB91B-899B-4FE4-BC22-A58A4F88B1A2}.Debug|Windows-x86.ActiveCfg = Debug|Any CPU
		{F2ABB91B-899B-4FE4-BC22-A58A4F88B1A2}.Distribution|Android.ActiveCfg = Debug|Any CPU
		{F2ABB91B-899B-4FE4-BC22-A58A4F88B1A2}.Distribution|Any CPU.ActiveCfg = Debug|Any CPU
		{F2ABB91B-899B-4FE4-BC22-A58A4F88B1A2}.Distribution|Any CPU.Build.0 = Debug|Any CPU
		{F2ABB91B-899B-4FE4-BC22-A58A4F88B1A2}.Distribution|iOS.ActiveCfg = Debug|Any CPU
		{F2ABB91B-899B-4FE4-BC22-A58A4F88B1A2}.Distribution|Mixed Platforms.ActiveCfg = Debug|Any CPU
		{F2ABB91B-899B-4FE4-BC22-A58A4F88B1A2}.Distribution|Mixed Platforms.Build.0 = Debug|Any CPU
		{F2ABB91B-899B-4FE4-BC22-A58A4F88B1A2}.Distribution|Windows Phone (Universal).ActiveCfg = Debug|Any CPU
		{F2ABB91B-899B-4FE4-BC22-A58A4F88B1A2}.Distribution|Windows Phone 8.ActiveCfg = Debug|Any CPU
		{F2ABB91B-899B-4FE4-BC22-A58A4F88B1A2}.Distribution|Windows-AnyCPU.ActiveCfg = Debug|Any CPU
		{F2ABB91B-899B-4FE4-BC22-A58A4F88B1A2}.Distribution|Windows-ARM.ActiveCfg = Debug|Any CPU
		{F2ABB91B-899B-4FE4-BC22-A58A4F88B1A2}.Distribution|Windows-x64.ActiveCfg = Debug|Any CPU
		{F2ABB91B-899B-4FE4-BC22-A58A4F88B1A2}.Distribution|Windows-x86.ActiveCfg = Debug|Any CPU
		{F2ABB91B-899B-4FE4-BC22-A58A4F88B1A2}.Release|Android.ActiveCfg = Release|Any CPU
		{F2ABB91B-899B-4FE4-BC22-A58A4F88B1A2}.Release|Any CPU.ActiveCfg = Release|Any CPU
		{F2ABB91B-899B-4FE4-BC22-A58A4F88B1A2}.Release|Any CPU.Build.0 = Release|Any CPU
		{F2ABB91B-899B-4FE4-BC22-A58A4F88B1A2}.Release|iOS.ActiveCfg = Release|Any CPU
		{F2ABB91B-899B-4FE4-BC22-A58A4F88B1A2}.Release|Mixed Platforms.ActiveCfg = Release|Any CPU
		{F2ABB91B-899B-4FE4-BC22-A58A4F88B1A2}.Release|Mixed Platforms.Build.0 = Release|Any CPU
		{F2ABB91B-899B-4FE4-BC22-A58A4F88B1A2}.Release|Windows Phone (Universal).ActiveCfg = Release|Any CPU
		{F2ABB91B-899B-4FE4-BC22-A58A4F88B1A2}.Release|Windows Phone 8.ActiveCfg = Release|Any CPU
		{F2ABB91B-899B-4FE4-BC22-A58A4F88B1A2}.Release|Windows-AnyCPU.ActiveCfg = Release|Any CPU
		{F2ABB91B-899B-4FE4-BC22-A58A4F88B1A2}.Release|Windows-ARM.ActiveCfg = Release|Any CPU
		{F2ABB91B-899B-4FE4-BC22-A58A4F88B1A2}.Release|Windows-x64.ActiveCfg = Release|Any CPU
		{F2ABB91B-899B-4FE4-BC22-A58A4F88B1A2}.Release|Windows-x86.ActiveCfg = Release|Any CPU
		{CFDAC9FF-4B91-49A8-8AF3-3408EAEE4B1E}.Debug|Android.ActiveCfg = Debug|Android
		{CFDAC9FF-4B91-49A8-8AF3-3408EAEE4B1E}.Debug|Android.Build.0 = Debug|Android
		{CFDAC9FF-4B91-49A8-8AF3-3408EAEE4B1E}.Debug|Android.Deploy.0 = Debug|Android
		{CFDAC9FF-4B91-49A8-8AF3-3408EAEE4B1E}.Debug|Any CPU.ActiveCfg = Debug|Android
		{CFDAC9FF-4B91-49A8-8AF3-3408EAEE4B1E}.Debug|iOS.ActiveCfg = Debug|iOS
		{CFDAC9FF-4B91-49A8-8AF3-3408EAEE4B1E}.Debug|iOS.Build.0 = Debug|iOS
		{CFDAC9FF-4B91-49A8-8AF3-3408EAEE4B1E}.Debug|iOS.Deploy.0 = Debug|iOS
		{CFDAC9FF-4B91-49A8-8AF3-3408EAEE4B1E}.Debug|Mixed Platforms.ActiveCfg = Debug|Android
		{CFDAC9FF-4B91-49A8-8AF3-3408EAEE4B1E}.Debug|Mixed Platforms.Build.0 = Debug|Android
		{CFDAC9FF-4B91-49A8-8AF3-3408EAEE4B1E}.Debug|Mixed Platforms.Deploy.0 = Debug|Android
		{CFDAC9FF-4B91-49A8-8AF3-3408EAEE4B1E}.Debug|Windows Phone (Universal).ActiveCfg = Debug|Windows Phone (Universal)
		{CFDAC9FF-4B91-49A8-8AF3-3408EAEE4B1E}.Debug|Windows Phone (Universal).Build.0 = Debug|Windows Phone (Universal)
		{CFDAC9FF-4B91-49A8-8AF3-3408EAEE4B1E}.Debug|Windows Phone (Universal).Deploy.0 = Debug|Windows Phone (Universal)
		{CFDAC9FF-4B91-49A8-8AF3-3408EAEE4B1E}.Debug|Windows Phone 8.ActiveCfg = Debug|Windows Phone 8
		{CFDAC9FF-4B91-49A8-8AF3-3408EAEE4B1E}.Debug|Windows Phone 8.Build.0 = Debug|Windows Phone 8
		{CFDAC9FF-4B91-49A8-8AF3-3408EAEE4B1E}.Debug|Windows Phone 8.Deploy.0 = Debug|Windows Phone 8
		{CFDAC9FF-4B91-49A8-8AF3-3408EAEE4B1E}.Debug|Windows-AnyCPU.ActiveCfg = Debug|Windows-AnyCPU
		{CFDAC9FF-4B91-49A8-8AF3-3408EAEE4B1E}.Debug|Windows-AnyCPU.Build.0 = Debug|Windows-AnyCPU
		{CFDAC9FF-4B91-49A8-8AF3-3408EAEE4B1E}.Debug|Windows-AnyCPU.Deploy.0 = Debug|Windows-AnyCPU
		{CFDAC9FF-4B91-49A8-8AF3-3408EAEE4B1E}.Debug|Windows-ARM.ActiveCfg = Debug|Windows-ARM
		{CFDAC9FF-4B91-49A8-8AF3-3408EAEE4B1E}.Debug|Windows-ARM.Build.0 = Debug|Windows-ARM
		{CFDAC9FF-4B91-49A8-8AF3-3408EAEE4B1E}.Debug|Windows-ARM.Deploy.0 = Debug|Windows-ARM
		{CFDAC9FF-4B91-49A8-8AF3-3408EAEE4B1E}.Debug|Windows-x64.ActiveCfg = Debug|Windows-x64
		{CFDAC9FF-4B91-49A8-8AF3-3408EAEE4B1E}.Debug|Windows-x64.Build.0 = Debug|Windows-x64
		{CFDAC9FF-4B91-49A8-8AF3-3408EAEE4B1E}.Debug|Windows-x64.Deploy.0 = Debug|Windows-x64
		{CFDAC9FF-4B91-49A8-8AF3-3408EAEE4B1E}.Debug|Windows-x86.ActiveCfg = Debug|Windows-x86
		{CFDAC9FF-4B91-49A8-8AF3-3408EAEE4B1E}.Debug|Windows-x86.Build.0 = Debug|Windows-x86
		{CFDAC9FF-4B91-49A8-8AF3-3408EAEE4B1E}.Debug|Windows-x86.Deploy.0 = Debug|Windows-x86
		{CFDAC9FF-4B91-49A8-8AF3-3408EAEE4B1E}.Distribution|Android.ActiveCfg = Distribution|Android
		{CFDAC9FF-4B91-49A8-8AF3-3408EAEE4B1E}.Distribution|Android.Build.0 = Distribution|Android
		{CFDAC9FF-4B91-49A8-8AF3-3408EAEE4B1E}.Distribution|Android.Deploy.0 = Distribution|Android
		{CFDAC9FF-4B91-49A8-8AF3-3408EAEE4B1E}.Distribution|Any CPU.ActiveCfg = Distribution|Android
		{CFDAC9FF-4B91-49A8-8AF3-3408EAEE4B1E}.Distribution|iOS.ActiveCfg = Distribution|iOS
		{CFDAC9FF-4B91-49A8-8AF3-3408EAEE4B1E}.Distribution|iOS.Build.0 = Distribution|iOS
		{CFDAC9FF-4B91-49A8-8AF3-3408EAEE4B1E}.Distribution|iOS.Deploy.0 = Distribution|iOS
		{CFDAC9FF-4B91-49A8-8AF3-3408EAEE4B1E}.Distribution|Mixed Platforms.ActiveCfg = Distribution|Windows Phone (Universal)
		{CFDAC9FF-4B91-49A8-8AF3-3408EAEE4B1E}.Distribution|Mixed Platforms.Build.0 = Distribution|Windows Phone (Universal)
		{CFDAC9FF-4B91-49A8-8AF3-3408EAEE4B1E}.Distribution|Mixed Platforms.Deploy.0 = Distribution|Windows Phone (Universal)
		{CFDAC9FF-4B91-49A8-8AF3-3408EAEE4B1E}.Distribution|Windows Phone (Universal).ActiveCfg = Distribution|Windows Phone (Universal)
		{CFDAC9FF-4B91-49A8-8AF3-3408EAEE4B1E}.Distribution|Windows Phone (Universal).Build.0 = Distribution|Windows Phone (Universal)
		{CFDAC9FF-4B91-49A8-8AF3-3408EAEE4B1E}.Distribution|Windows Phone (Universal).Deploy.0 = Distribution|Windows Phone (Universal)
		{CFDAC9FF-4B91-49A8-8AF3-3408EAEE4B1E}.Distribution|Windows Phone 8.ActiveCfg = Distribution|Windows Phone 8
		{CFDAC9FF-4B91-49A8-8AF3-3408EAEE4B1E}.Distribution|Windows Phone 8.Build.0 = Distribution|Windows Phone 8
		{CFDAC9FF-4B91-49A8-8AF3-3408EAEE4B1E}.Distribution|Windows Phone 8.Deploy.0 = Distribution|Windows Phone 8
		{CFDAC9FF-4B91-49A8-8AF3-3408EAEE4B1E}.Distribution|Windows-AnyCPU.ActiveCfg = Distribution|Windows-AnyCPU
		{CFDAC9FF-4B91-49A8-8AF3-3408EAEE4B1E}.Distribution|Windows-AnyCPU.Build.0 = Distribution|Windows-AnyCPU
		{CFDAC9FF-4B91-49A8-8AF3-3408EAEE4B1E}.Distribution|Windows-AnyCPU.Deploy.0 = Distribution|Windows-AnyCPU
		{CFDAC9FF-4B91-49A8-8AF3-3408EAEE4B1E}.Distribution|Windows-ARM.ActiveCfg = Distribution|Windows-ARM
		{CFDAC9FF-4B91-49A8-8AF3-3408EAEE4B1E}.Distribution|Windows-ARM.Build.0 = Distribution|Windows-ARM
		{CFDAC9FF-4B91-49A8-8AF3-3408EAEE4B1E}.Distribution|Windows-ARM.Deploy.0 = Distribution|Windows-ARM
		{CFDAC9FF-4B91-49A8-8AF3-3408EAEE4B1E}.Distribution|Windows-x64.ActiveCfg = Distribution|Windows-x64
		{CFDAC9FF-4B91-49A8-8AF3-3408EAEE4B1E}.Distribution|Windows-x64.Build.0 = Distribution|Windows-x64
		{CFDAC9FF-4B91-49A8-8AF3-3408EAEE4B1E}.Distribution|Windows-x64.Deploy.0 = Distribution|Windows-x64
		{CFDAC9FF-4B91-49A8-8AF3-3408EAEE4B1E}.Distribution|Windows-x86.ActiveCfg = Distribution|Windows-x86
		{CFDAC9FF-4B91-49A8-8AF3-3408EAEE4B1E}.Distribution|Windows-x86.Build.0 = Distribution|Windows-x86
		{CFDAC9FF-4B91-49A8-8AF3-3408EAEE4B1E}.Distribution|Windows-x86.Deploy.0 = Distribution|Windows-x86
		{CFDAC9FF-4B91-49A8-8AF3-3408EAEE4B1E}.Release|Android.ActiveCfg = Release|Android
		{CFDAC9FF-4B91-49A8-8AF3-3408EAEE4B1E}.Release|Android.Build.0 = Release|Android
		{CFDAC9FF-4B91-49A8-8AF3-3408EAEE4B1E}.Release|Android.Deploy.0 = Release|Android
		{CFDAC9FF-4B91-49A8-8AF3-3408EAEE4B1E}.Release|Any CPU.ActiveCfg = Release|Android
		{CFDAC9FF-4B91-49A8-8AF3-3408EAEE4B1E}.Release|iOS.ActiveCfg = Release|iOS
		{CFDAC9FF-4B91-49A8-8AF3-3408EAEE4B1E}.Release|iOS.Build.0 = Release|iOS
		{CFDAC9FF-4B91-49A8-8AF3-3408EAEE4B1E}.Release|iOS.Deploy.0 = Release|iOS
		{CFDAC9FF-4B91-49A8-8AF3-3408EAEE4B1E}.Release|Mixed Platforms.ActiveCfg = Release|Android
		{CFDAC9FF-4B91-49A8-8AF3-3408EAEE4B1E}.Release|Mixed Platforms.Build.0 = Release|Android
		{CFDAC9FF-4B91-49A8-8AF3-3408EAEE4B1E}.Release|Mixed Platforms.Deploy.0 = Release|Android
		{CFDAC9FF-4B91-49A8-8AF3-3408EAEE4B1E}.Release|Windows Phone (Universal).ActiveCfg = Release|Windows Phone (Universal)
		{CFDAC9FF-4B91-49A8-8AF3-3408EAEE4B1E}.Release|Windows Phone (Universal).Build.0 = Release|Windows Phone (Universal)
		{CFDAC9FF-4B91-49A8-8AF3-3408EAEE4B1E}.Release|Windows Phone (Universal).Deploy.0 = Release|Windows Phone (Universal)
		{CFDAC9FF-4B91-49A8-8AF3-3408EAEE4B1E}.Release|Windows Phone 8.ActiveCfg = Release|Windows Phone 8
		{CFDAC9FF-4B91-49A8-8AF3-3408EAEE4B1E}.Release|Windows Phone 8.Build.0 = Release|Windows Phone 8
		{CFDAC9FF-4B91-49A8-8AF3-3408EAEE4B1E}.Release|Windows Phone 8.Deploy.0 = Release|Windows Phone 8
		{CFDAC9FF-4B91-49A8-8AF3-3408EAEE4B1E}.Release|Windows-AnyCPU.ActiveCfg = Release|Windows-AnyCPU
		{CFDAC9FF-4B91-49A8-8AF3-3408EAEE4B1E}.Release|Windows-AnyCPU.Build.0 = Release|Windows-AnyCPU
		{CFDAC9FF-4B91-49A8-8AF3-3408EAEE4B1E}.Release|Windows-AnyCPU.Deploy.0 = Release|Windows-AnyCPU
		{CFDAC9FF-4B91-49A8-8AF3-3408EAEE4B1E}.Release|Windows-ARM.ActiveCfg = Release|Windows-ARM
		{CFDAC9FF-4B91-49A8-8AF3-3408EAEE4B1E}.Release|Windows-ARM.Build.0 = Release|Windows-ARM
		{CFDAC9FF-4B91-49A8-8AF3-3408EAEE4B1E}.Release|Windows-ARM.Deploy.0 = Release|Windows-ARM
		{CFDAC9FF-4B91-49A8-8AF3-3408EAEE4B1E}.Release|Windows-x64.ActiveCfg = Release|Windows-x64
		{CFDAC9FF-4B91-49A8-8AF3-3408EAEE4B1E}.Release|Windows-x64.Build.0 = Release|Windows-x64
		{CFDAC9FF-4B91-49A8-8AF3-3408EAEE4B1E}.Release|Windows-x64.Deploy.0 = Release|Windows-x64
		{CFDAC9FF-4B91-49A8-8AF3-3408EAEE4B1E}.Release|Windows-x86.ActiveCfg = Release|Windows-x86
		{CFDAC9FF-4B91-49A8-8AF3-3408EAEE4B1E}.Release|Windows-x86.Build.0 = Release|Windows-x86
		{CFDAC9FF-4B91-49A8-8AF3-3408EAEE4B1E}.Release|Windows-x86.Deploy.0 = Release|Windows-x86
	EndGlobalSection
	GlobalSection(SolutionProperties) = preSolution
		HideSolutionNode = FALSE
	EndGlobalSection
	GlobalSection(NestedProjects) = preSolution
		{D9724E1D-DA70-42A8-B53D-523562C501D0} = {DD042312-E320-4A04-BE01-A05A972AC24A}
		{6905F59A-5452-4C20-BB25-5B3E89234E1C} = {B3E575FA-6792-4DE7-AF16-6700CC967E4B}
		{F2ABB91B-899B-4FE4-BC22-A58A4F88B1A2} = {D2D5C27C-C0E7-4D92-9AC3-9769ADA171E5}
		{CFDAC9FF-4B91-49A8-8AF3-3408EAEE4B1E} = {28E0E603-21BC-41D3-8298-681785E8D135}
	EndGlobalSection
EndGlobal
